// !$*UTF8*$!
{
	archiveVersion = 1;
	classes = {
	};
	objectVersion = 50;
	objects = {

/* Begin PBXBuildFile section */
		9F1C5BCE251AACDD00E8A7A4 /* wallet_appApp.swift in Sources */ = {isa = PBXBuildFile; fileRef = 9F1C5BCD251AACDD00E8A7A4 /* wallet_appApp.swift */; };
		9F1C5BD0251AACDD00E8A7A4 /* ContentView.swift in Sources */ = {isa = PBXBuildFile; fileRef = 9F1C5BCF251AACDD00E8A7A4 /* ContentView.swift */; };
		9F1C5BD2251AACDE00E8A7A4 /* Assets.xcassets in Resources */ = {isa = PBXBuildFile; fileRef = 9F1C5BD1251AACDE00E8A7A4 /* Assets.xcassets */; };
		9F1C5BD5251AACDE00E8A7A4 /* Preview Assets.xcassets in Resources */ = {isa = PBXBuildFile; fileRef = 9F1C5BD4251AACDE00E8A7A4 /* Preview Assets.xcassets */; };
		9F1C5BD7251AACDE00E8A7A4 /* Persistence.swift in Sources */ = {isa = PBXBuildFile; fileRef = 9F1C5BD6251AACDE00E8A7A4 /* Persistence.swift */; };
		9F1C5BDA251AACDE00E8A7A4 /* wallet_app.xcdatamodeld in Sources */ = {isa = PBXBuildFile; fileRef = 9F1C5BD8251AACDE00E8A7A4 /* wallet_app.xcdatamodeld */; };
		9F1C5BE5251AACDE00E8A7A4 /* wallet_appTests.swift in Sources */ = {isa = PBXBuildFile; fileRef = 9F1C5BE4251AACDE00E8A7A4 /* wallet_appTests.swift */; };
		9F1C5BF0251AACDE00E8A7A4 /* wallet_appUITests.swift in Sources */ = {isa = PBXBuildFile; fileRef = 9F1C5BEF251AACDE00E8A7A4 /* wallet_appUITests.swift */; };
/* End PBXBuildFile section */

/* Begin PBXContainerItemProxy section */
		9F1C5BE1251AACDE00E8A7A4 /* PBXContainerItemProxy */ = {
			isa = PBXContainerItemProxy;
			containerPortal = 9F1C5BC2251AACDD00E8A7A4 /* Project object */;
			proxyType = 1;
			remoteGlobalIDString = 9F1C5BC9251AACDD00E8A7A4;
			remoteInfo = "wallet-app";
		};
		9F1C5BEC251AACDE00E8A7A4 /* PBXContainerItemProxy */ = {
			isa = PBXContainerItemProxy;
			containerPortal = 9F1C5BC2251AACDD00E8A7A4 /* Project object */;
			proxyType = 1;
			remoteGlobalIDString = 9F1C5BC9251AACDD00E8A7A4;
			remoteInfo = "wallet-app";
		};
/* End PBXContainerItemProxy section */

/* Begin PBXFileReference section */
		9F1C5BCA251AACDD00E8A7A4 /* wallet-app.app */ = {isa = PBXFileReference; explicitFileType = wrapper.application; includeInIndex = 0; path = "wallet-app.app"; sourceTree = BUILT_PRODUCTS_DIR; };
		9F1C5BCD251AACDD00E8A7A4 /* wallet_appApp.swift */ = {isa = PBXFileReference; lastKnownFileType = sourcecode.swift; path = wallet_appApp.swift; sourceTree = "<group>"; };
		9F1C5BCF251AACDD00E8A7A4 /* ContentView.swift */ = {isa = PBXFileReference; lastKnownFileType = sourcecode.swift; path = ContentView.swift; sourceTree = "<group>"; };
		9F1C5BD1251AACDE00E8A7A4 /* Assets.xcassets */ = {isa = PBXFileReference; lastKnownFileType = folder.assetcatalog; path = Assets.xcassets; sourceTree = "<group>"; };
		9F1C5BD4251AACDE00E8A7A4 /* Preview Assets.xcassets */ = {isa = PBXFileReference; lastKnownFileType = folder.assetcatalog; path = "Preview Assets.xcassets"; sourceTree = "<group>"; };
		9F1C5BD6251AACDE00E8A7A4 /* Persistence.swift */ = {isa = PBXFileReference; lastKnownFileType = sourcecode.swift; path = Persistence.swift; sourceTree = "<group>"; };
		9F1C5BD9251AACDE00E8A7A4 /* wallet_app.xcdatamodel */ = {isa = PBXFileReference; lastKnownFileType = wrapper.xcdatamodel; path = wallet_app.xcdatamodel; sourceTree = "<group>"; };
		9F1C5BDB251AACDE00E8A7A4 /* Info.plist */ = {isa = PBXFileReference; lastKnownFileType = text.plist.xml; path = Info.plist; sourceTree = "<group>"; };
		9F1C5BE0251AACDE00E8A7A4 /* wallet-appTests.xctest */ = {isa = PBXFileReference; explicitFileType = wrapper.cfbundle; includeInIndex = 0; path = "wallet-appTests.xctest"; sourceTree = BUILT_PRODUCTS_DIR; };
		9F1C5BE4251AACDE00E8A7A4 /* wallet_appTests.swift */ = {isa = PBXFileReference; lastKnownFileType = sourcecode.swift; path = wallet_appTests.swift; sourceTree = "<group>"; };
		9F1C5BE6251AACDE00E8A7A4 /* Info.plist */ = {isa = PBXFileReference; lastKnownFileType = text.plist.xml; path = Info.plist; sourceTree = "<group>"; };
		9F1C5BEB251AACDE00E8A7A4 /* wallet-appUITests.xctest */ = {isa = PBXFileReference; explicitFileType = wrapper.cfbundle; includeInIndex = 0; path = "wallet-appUITests.xctest"; sourceTree = BUILT_PRODUCTS_DIR; };
		9F1C5BEF251AACDE00E8A7A4 /* wallet_appUITests.swift */ = {isa = PBXFileReference; lastKnownFileType = sourcecode.swift; path = wallet_appUITests.swift; sourceTree = "<group>"; };
		9F1C5BF1251AACDE00E8A7A4 /* Info.plist */ = {isa = PBXFileReference; lastKnownFileType = text.plist.xml; path = Info.plist; sourceTree = "<group>"; };
/* End PBXFileReference section */

/* Begin PBXFrameworksBuildPhase section */
		9F1C5BC7251AACDD00E8A7A4 /* Frameworks */ = {
			isa = PBXFrameworksBuildPhase;
			buildActionMask = 2147483647;
			files = (
			);
			runOnlyForDeploymentPostprocessing = 0;
		};
		9F1C5BDD251AACDE00E8A7A4 /* Frameworks */ = {
			isa = PBXFrameworksBuildPhase;
			buildActionMask = 2147483647;
			files = (
			);
			runOnlyForDeploymentPostprocessing = 0;
		};
		9F1C5BE8251AACDE00E8A7A4 /* Frameworks */ = {
			isa = PBXFrameworksBuildPhase;
			buildActionMask = 2147483647;
			files = (
			);
			runOnlyForDeploymentPostprocessing = 0;
		};
/* End PBXFrameworksBuildPhase section */

/* Begin PBXGroup section */
		9F1C5BC1251AACDD00E8A7A4 = {
			isa = PBXGroup;
			children = (
				9F1C5BCC251AACDD00E8A7A4 /* wallet-app */,
				9F1C5BE3251AACDE00E8A7A4 /* wallet-appTests */,
				9F1C5BEE251AACDE00E8A7A4 /* wallet-appUITests */,
				9F1C5BCB251AACDD00E8A7A4 /* Products */,
			);
			sourceTree = "<group>";
		};
		9F1C5BCB251AACDD00E8A7A4 /* Products */ = {
			isa = PBXGroup;
			children = (
				9F1C5BCA251AACDD00E8A7A4 /* wallet-app.app */,
				9F1C5BE0251AACDE00E8A7A4 /* wallet-appTests.xctest */,
				9F1C5BEB251AACDE00E8A7A4 /* wallet-appUITests.xctest */,
			);
			name = Products;
			sourceTree = "<group>";
		};
		9F1C5BCC251AACDD00E8A7A4 /* wallet-app */ = {
			isa = PBXGroup;
			children = (
				9F1C5BCD251AACDD00E8A7A4 /* wallet_appApp.swift */,
				9F1C5BCF251AACDD00E8A7A4 /* ContentView.swift */,
				9F1C5BD1251AACDE00E8A7A4 /* Assets.xcassets */,
				9F1C5BD6251AACDE00E8A7A4 /* Persistence.swift */,
				9F1C5BDB251AACDE00E8A7A4 /* Info.plist */,
				9F1C5BD8251AACDE00E8A7A4 /* wallet_app.xcdatamodeld */,
				9F1C5BD3251AACDE00E8A7A4 /* Preview Content */,
			);
			path = "wallet-app";
			sourceTree = "<group>";
		};
		9F1C5BD3251AACDE00E8A7A4 /* Preview Content */ = {
			isa = PBXGroup;
			children = (
				9F1C5BD4251AACDE00E8A7A4 /* Preview Assets.xcassets */,
			);
			path = "Preview Content";
			sourceTree = "<group>";
		};
		9F1C5BE3251AACDE00E8A7A4 /* wallet-appTests */ = {
			isa = PBXGroup;
			children = (
				9F1C5BE4251AACDE00E8A7A4 /* wallet_appTests.swift */,
				9F1C5BE6251AACDE00E8A7A4 /* Info.plist */,
			);
			path = "wallet-appTests";
			sourceTree = "<group>";
		};
		9F1C5BEE251AACDE00E8A7A4 /* wallet-appUITests */ = {
			isa = PBXGroup;
			children = (
				9F1C5BEF251AACDE00E8A7A4 /* wallet_appUITests.swift */,
				9F1C5BF1251AACDE00E8A7A4 /* Info.plist */,
			);
			path = "wallet-appUITests";
			sourceTree = "<group>";
		};
/* End PBXGroup section */

/* Begin PBXNativeTarget section */
		9F1C5BC9251AACDD00E8A7A4 /* wallet-app */ = {
			isa = PBXNativeTarget;
			buildConfigurationList = 9F1C5BF4251AACDE00E8A7A4 /* Build configuration list for PBXNativeTarget "wallet-app" */;
			buildPhases = (
				9F1C5BC6251AACDD00E8A7A4 /* Sources */,
				9F1C5BC7251AACDD00E8A7A4 /* Frameworks */,
				9F1C5BC8251AACDD00E8A7A4 /* Resources */,
			);
			buildRules = (
			);
			dependencies = (
			);
			name = "wallet-app";
			productName = "wallet-app";
			productReference = 9F1C5BCA251AACDD00E8A7A4 /* wallet-app.app */;
			productType = "com.apple.product-type.application";
		};
		9F1C5BDF251AACDE00E8A7A4 /* wallet-appTests */ = {
			isa = PBXNativeTarget;
			buildConfigurationList = 9F1C5BF7251AACDE00E8A7A4 /* Build configuration list for PBXNativeTarget "wallet-appTests" */;
			buildPhases = (
				9F1C5BDC251AACDE00E8A7A4 /* Sources */,
				9F1C5BDD251AACDE00E8A7A4 /* Frameworks */,
				9F1C5BDE251AACDE00E8A7A4 /* Resources */,
			);
			buildRules = (
			);
			dependencies = (
				9F1C5BE2251AACDE00E8A7A4 /* PBXTargetDependency */,
			);
			name = "wallet-appTests";
			productName = "wallet-appTests";
			productReference = 9F1C5BE0251AACDE00E8A7A4 /* wallet-appTests.xctest */;
			productType = "com.apple.product-type.bundle.unit-test";
		};
		9F1C5BEA251AACDE00E8A7A4 /* wallet-appUITests */ = {
			isa = PBXNativeTarget;
			buildConfigurationList = 9F1C5BFA251AACDE00E8A7A4 /* Build configuration list for PBXNativeTarget "wallet-appUITests" */;
			buildPhases = (
				9F1C5BE7251AACDE00E8A7A4 /* Sources */,
				9F1C5BE8251AACDE00E8A7A4 /* Frameworks */,
				9F1C5BE9251AACDE00E8A7A4 /* Resources */,
			);
			buildRules = (
			);
			dependencies = (
				9F1C5BED251AACDE00E8A7A4 /* PBXTargetDependency */,
			);
			name = "wallet-appUITests";
			productName = "wallet-appUITests";
			productReference = 9F1C5BEB251AACDE00E8A7A4 /* wallet-appUITests.xctest */;
			productType = "com.apple.product-type.bundle.ui-testing";
		};
/* End PBXNativeTarget section */

/* Begin PBXProject section */
		9F1C5BC2251AACDD00E8A7A4 /* Project object */ = {
			isa = PBXProject;
			attributes = {
				LastSwiftUpdateCheck = 1200;
				LastUpgradeCheck = 1200;
				TargetAttributes = {
					9F1C5BC9251AACDD00E8A7A4 = {
						CreatedOnToolsVersion = 12.0;
					};
					9F1C5BDF251AACDE00E8A7A4 = {
						CreatedOnToolsVersion = 12.0;
						TestTargetID = 9F1C5BC9251AACDD00E8A7A4;
					};
					9F1C5BEA251AACDE00E8A7A4 = {
						CreatedOnToolsVersion = 12.0;
						TestTargetID = 9F1C5BC9251AACDD00E8A7A4;
					};
				};
			};
			buildConfigurationList = 9F1C5BC5251AACDD00E8A7A4 /* Build configuration list for PBXProject "wallet-app" */;
			compatibilityVersion = "Xcode 9.3";
			developmentRegion = en;
			hasScannedForEncodings = 0;
			knownRegions = (
				en,
				Base,
			);
			mainGroup = 9F1C5BC1251AACDD00E8A7A4;
			productRefGroup = 9F1C5BCB251AACDD00E8A7A4 /* Products */;
			projectDirPath = "";
			projectRoot = "";
			targets = (
				9F1C5BC9251AACDD00E8A7A4 /* wallet-app */,
				9F1C5BDF251AACDE00E8A7A4 /* wallet-appTests */,
				9F1C5BEA251AACDE00E8A7A4 /* wallet-appUITests */,
			);
		};
/* End PBXProject section */

/* Begin PBXResourcesBuildPhase section */
		9F1C5BC8251AACDD00E8A7A4 /* Resources */ = {
			isa = PBXResourcesBuildPhase;
			buildActionMask = 2147483647;
			files = (
				9F1C5BD5251AACDE00E8A7A4 /* Preview Assets.xcassets in Resources */,
				9F1C5BD2251AACDE00E8A7A4 /* Assets.xcassets in Resources */,
			);
			runOnlyForDeploymentPostprocessing = 0;
		};
		9F1C5BDE251AACDE00E8A7A4 /* Resources */ = {
			isa = PBXResourcesBuildPhase;
			buildActionMask = 2147483647;
			files = (
			);
			runOnlyForDeploymentPostprocessing = 0;
		};
		9F1C5BE9251AACDE00E8A7A4 /* Resources */ = {
			isa = PBXResourcesBuildPhase;
			buildActionMask = 2147483647;
			files = (
			);
			runOnlyForDeploymentPostprocessing = 0;
		};
/* End PBXResourcesBuildPhase section */

/* Begin PBXSourcesBuildPhase section */
		9F1C5BC6251AACDD00E8A7A4 /* Sources */ = {
			isa = PBXSourcesBuildPhase;
			buildActionMask = 2147483647;
			files = (
				9F1C5BDA251AACDE00E8A7A4 /* wallet_app.xcdatamodeld in Sources */,
				9F1C5BD7251AACDE00E8A7A4 /* Persistence.swift in Sources */,
				9F1C5BD0251AACDD00E8A7A4 /* ContentView.swift in Sources */,
				9F1C5BCE251AACDD00E8A7A4 /* wallet_appApp.swift in Sources */,
			);
			runOnlyForDeploymentPostprocessing = 0;
		};
		9F1C5BDC251AACDE00E8A7A4 /* Sources */ = {
			isa = PBXSourcesBuildPhase;
			buildActionMask = 2147483647;
			files = (
				9F1C5BE5251AACDE00E8A7A4 /* wallet_appTests.swift in Sources */,
			);
			runOnlyForDeploymentPostprocessing = 0;
		};
		9F1C5BE7251AACDE00E8A7A4 /* Sources */ = {
			isa = PBXSourcesBuildPhase;
			buildActionMask = 2147483647;
			files = (
				9F1C5BF0251AACDE00E8A7A4 /* wallet_appUITests.swift in Sources */,
			);
			runOnlyForDeploymentPostprocessing = 0;
		};
/* End PBXSourcesBuildPhase section */

/* Begin PBXTargetDependency section */
		9F1C5BE2251AACDE00E8A7A4 /* PBXTargetDependency */ = {
			isa = PBXTargetDependency;
			target = 9F1C5BC9251AACDD00E8A7A4 /* wallet-app */;
			targetProxy = 9F1C5BE1251AACDE00E8A7A4 /* PBXContainerItemProxy */;
		};
		9F1C5BED251AACDE00E8A7A4 /* PBXTargetDependency */ = {
			isa = PBXTargetDependency;
			target = 9F1C5BC9251AACDD00E8A7A4 /* wallet-app */;
			targetProxy = 9F1C5BEC251AACDE00E8A7A4 /* PBXContainerItemProxy */;
		};
/* End PBXTargetDependency section */

/* Begin XCBuildConfiguration section */
		9F1C5BF2251AACDE00E8A7A4 /* Debug */ = {
			isa = XCBuildConfiguration;
			buildSettings = {
				ALWAYS_SEARCH_USER_PATHS = NO;
				CLANG_ANALYZER_NONNULL = YES;
				CLANG_ANALYZER_NUMBER_OBJECT_CONVERSION = YES_AGGRESSIVE;
				CLANG_CXX_LANGUAGE_STANDARD = "gnu++14";
				CLANG_CXX_LIBRARY = "libc++";
				CLANG_ENABLE_MODULES = YES;
				CLANG_ENABLE_OBJC_ARC = YES;
				CLANG_ENABLE_OBJC_WEAK = YES;
				CLANG_WARN_BLOCK_CAPTURE_AUTORELEASING = YES;
				CLANG_WARN_BOOL_CONVERSION = YES;
				CLANG_WARN_COMMA = YES;
				CLANG_WARN_CONSTANT_CONVERSION = YES;
				CLANG_WARN_DEPRECATED_OBJC_IMPLEMENTATIONS = YES;
				CLANG_WARN_DIRECT_OBJC_ISA_USAGE = YES_ERROR;
				CLANG_WARN_DOCUMENTATION_COMMENTS = YES;
				CLANG_WARN_EMPTY_BODY = YES;
				CLANG_WARN_ENUM_CONVERSION = YES;
				CLANG_WARN_INFINITE_RECURSION = YES;
				CLANG_WARN_INT_CONVERSION = YES;
				CLANG_WARN_NON_LITERAL_NULL_CONVERSION = YES;
				CLANG_WARN_OBJC_IMPLICIT_RETAIN_SELF = YES;
				CLANG_WARN_OBJC_LITERAL_CONVERSION = YES;
				CLANG_WARN_OBJC_ROOT_CLASS = YES_ERROR;
				CLANG_WARN_QUOTED_INCLUDE_IN_FRAMEWORK_HEADER = YES;
				CLANG_WARN_RANGE_LOOP_ANALYSIS = YES;
				CLANG_WARN_STRICT_PROTOTYPES = YES;
				CLANG_WARN_SUSPICIOUS_MOVE = YES;
				CLANG_WARN_UNGUARDED_AVAILABILITY = YES_AGGRESSIVE;
				CLANG_WARN_UNREACHABLE_CODE = YES;
				CLANG_WARN__DUPLICATE_METHOD_MATCH = YES;
				COPY_PHASE_STRIP = NO;
				DEBUG_INFORMATION_FORMAT = dwarf;
				ENABLE_STRICT_OBJC_MSGSEND = YES;
				ENABLE_TESTABILITY = YES;
				GCC_C_LANGUAGE_STANDARD = gnu11;
				GCC_DYNAMIC_NO_PIC = NO;
				GCC_NO_COMMON_BLOCKS = YES;
				GCC_OPTIMIZATION_LEVEL = 0;
				GCC_PREPROCESSOR_DEFINITIONS = (
					"DEBUG=1",
					"$(inherited)",
				);
				GCC_WARN_64_TO_32_BIT_CONVERSION = YES;
				GCC_WARN_ABOUT_RETURN_TYPE = YES_ERROR;
				GCC_WARN_UNDECLARED_SELECTOR = YES;
				GCC_WARN_UNINITIALIZED_AUTOS = YES_AGGRESSIVE;
				GCC_WARN_UNUSED_FUNCTION = YES;
				GCC_WARN_UNUSED_VARIABLE = YES;
				IPHONEOS_DEPLOYMENT_TARGET = 14.0;
				MTL_ENABLE_DEBUG_INFO = INCLUDE_SOURCE;
				MTL_FAST_MATH = YES;
				ONLY_ACTIVE_ARCH = YES;
				SDKROOT = iphoneos;
				SWIFT_ACTIVE_COMPILATION_CONDITIONS = DEBUG;
				SWIFT_OPTIMIZATION_LEVEL = "-Onone";
			};
			name = Debug;
		};
		9F1C5BF3251AACDE00E8A7A4 /* Release */ = {
			isa = XCBuildConfiguration;
			buildSettings = {
				ALWAYS_SEARCH_USER_PATHS = NO;
				CLANG_ANALYZER_NONNULL = YES;
				CLANG_ANALYZER_NUMBER_OBJECT_CONVERSION = YES_AGGRESSIVE;
				CLANG_CXX_LANGUAGE_STANDARD = "gnu++14";
				CLANG_CXX_LIBRARY = "libc++";
				CLANG_ENABLE_MODULES = YES;
				CLANG_ENABLE_OBJC_ARC = YES;
				CLANG_ENABLE_OBJC_WEAK = YES;
				CLANG_WARN_BLOCK_CAPTURE_AUTORELEASING = YES;
				CLANG_WARN_BOOL_CONVERSION = YES;
				CLANG_WARN_COMMA = YES;
				CLANG_WARN_CONSTANT_CONVERSION = YES;
				CLANG_WARN_DEPRECATED_OBJC_IMPLEMENTATIONS = YES;
				CLANG_WARN_DIRECT_OBJC_ISA_USAGE = YES_ERROR;
				CLANG_WARN_DOCUMENTATION_COMMENTS = YES;
				CLANG_WARN_EMPTY_BODY = YES;
				CLANG_WARN_ENUM_CONVERSION = YES;
				CLANG_WARN_INFINITE_RECURSION = YES;
				CLANG_WARN_INT_CONVERSION = YES;
				CLANG_WARN_NON_LITERAL_NULL_CONVERSION = YES;
				CLANG_WARN_OBJC_IMPLICIT_RETAIN_SELF = YES;
				CLANG_WARN_OBJC_LITERAL_CONVERSION = YES;
				CLANG_WARN_OBJC_ROOT_CLASS = YES_ERROR;
				CLANG_WARN_QUOTED_INCLUDE_IN_FRAMEWORK_HEADER = YES;
				CLANG_WARN_RANGE_LOOP_ANALYSIS = YES;
				CLANG_WARN_STRICT_PROTOTYPES = YES;
				CLANG_WARN_SUSPICIOUS_MOVE = YES;
				CLANG_WARN_UNGUARDED_AVAILABILITY = YES_AGGRESSIVE;
				CLANG_WARN_UNREACHABLE_CODE = YES;
				CLANG_WARN__DUPLICATE_METHOD_MATCH = YES;
				COPY_PHASE_STRIP = NO;
				DEBUG_INFORMATION_FORMAT = "dwarf-with-dsym";
				ENABLE_NS_ASSERTIONS = NO;
				ENABLE_STRICT_OBJC_MSGSEND = YES;
				GCC_C_LANGUAGE_STANDARD = gnu11;
				GCC_NO_COMMON_BLOCKS = YES;
				GCC_WARN_64_TO_32_BIT_CONVERSION = YES;
				GCC_WARN_ABOUT_RETURN_TYPE = YES_ERROR;
				GCC_WARN_UNDECLARED_SELECTOR = YES;
				GCC_WARN_UNINITIALIZED_AUTOS = YES_AGGRESSIVE;
				GCC_WARN_UNUSED_FUNCTION = YES;
				GCC_WARN_UNUSED_VARIABLE = YES;
				IPHONEOS_DEPLOYMENT_TARGET = 14.0;
				MTL_ENABLE_DEBUG_INFO = NO;
				MTL_FAST_MATH = YES;
				SDKROOT = iphoneos;
				SWIFT_COMPILATION_MODE = wholemodule;
				SWIFT_OPTIMIZATION_LEVEL = "-O";
				VALIDATE_PRODUCT = YES;
			};
			name = Release;
		};
		9F1C5BF5251AACDE00E8A7A4 /* Debug */ = {
			isa = XCBuildConfiguration;
			buildSettings = {
				ASSETCATALOG_COMPILER_APPICON_NAME = AppIcon;
				ASSETCATALOG_COMPILER_GLOBAL_ACCENT_COLOR_NAME = AccentColor;
				CODE_SIGN_STYLE = Automatic;
				DEVELOPMENT_ASSET_PATHS = "\"wallet-app/Preview Content\"";
				DEVELOPMENT_TEAM = WSRUWJK48Z;
				ENABLE_PREVIEWS = YES;
				INFOPLIST_FILE = "wallet-app/Info.plist";
				IPHONEOS_DEPLOYMENT_TARGET = 14.0;
				LD_RUNPATH_SEARCH_PATHS = (
					"$(inherited)",
					"@executable_path/Frameworks",
				);
				PRODUCT_BUNDLE_IDENTIFIER = "org.guseynov.wallet-app";
				PRODUCT_NAME = "$(TARGET_NAME)";
				SWIFT_VERSION = 5.0;
				TARGETED_DEVICE_FAMILY = "1,2";
			};
			name = Debug;
		};
		9F1C5BF6251AACDE00E8A7A4 /* Release */ = {
			isa = XCBuildConfiguration;
			buildSettings = {
				ASSETCATALOG_COMPILER_APPICON_NAME = AppIcon;
				ASSETCATALOG_COMPILER_GLOBAL_ACCENT_COLOR_NAME = AccentColor;
				CODE_SIGN_STYLE = Automatic;
				DEVELOPMENT_ASSET_PATHS = "\"wallet-app/Preview Content\"";
				DEVELOPMENT_TEAM = WSRUWJK48Z;
				ENABLE_PREVIEWS = YES;
				INFOPLIST_FILE = "wallet-app/Info.plist";
				IPHONEOS_DEPLOYMENT_TARGET = 14.0;
				LD_RUNPATH_SEARCH_PATHS = (
					"$(inherited)",
					"@executable_path/Frameworks",
				);
				PRODUCT_BUNDLE_IDENTIFIER = "org.guseynov.wallet-app";
				PRODUCT_NAME = "$(TARGET_NAME)";
				SWIFT_VERSION = 5.0;
				TARGETED_DEVICE_FAMILY = "1,2";
			};
			name = Release;
		};
		9F1C5BF8251AACDE00E8A7A4 /* Debug */ = {
			isa = XCBuildConfiguration;
			buildSettings = {
				ALWAYS_EMBED_SWIFT_STANDARD_LIBRARIES = YES;
				BUNDLE_LOADER = "$(TEST_HOST)";
				CODE_SIGN_STYLE = Automatic;
				DEVELOPMENT_TEAM = WSRUWJK48Z;
				INFOPLIST_FILE = "wallet-appTests/Info.plist";
				IPHONEOS_DEPLOYMENT_TARGET = 14.0;
				LD_RUNPATH_SEARCH_PATHS = (
					"$(inherited)",
					"@executable_path/Frameworks",
					"@loader_path/Frameworks",
				);
				PRODUCT_BUNDLE_IDENTIFIER = "org.guseynov.wallet-appTests";
				PRODUCT_NAME = "$(TARGET_NAME)";
				SWIFT_VERSION = 5.0;
				TARGETED_DEVICE_FAMILY = "1,2";
				TEST_HOST = "$(BUILT_PRODUCTS_DIR)/wallet-app.app/wallet-app";
			};
			name = Debug;
		};
		9F1C5BF9251AACDE00E8A7A4 /* Release */ = {
			isa = XCBuildConfiguration;
			buildSettings = {
				ALWAYS_EMBED_SWIFT_STANDARD_LIBRARIES = YES;
				BUNDLE_LOADER = "$(TEST_HOST)";
				CODE_SIGN_STYLE = Automatic;
				DEVELOPMENT_TEAM = WSRUWJK48Z;
				INFOPLIST_FILE = "wallet-appTests/Info.plist";
				IPHONEOS_DEPLOYMENT_TARGET = 14.0;
				LD_RUNPATH_SEARCH_PATHS = (
					"$(inherited)",
					"@executable_path/Frameworks",
					"@loader_path/Frameworks",
				);
				PRODUCT_BUNDLE_IDENTIFIER = "org.guseynov.wallet-appTests";
				PRODUCT_NAME = "$(TARGET_NAME)";
				SWIFT_VERSION = 5.0;
				TARGETED_DEVICE_FAMILY = "1,2";
				TEST_HOST = "$(BUILT_PRODUCTS_DIR)/wallet-app.app/wallet-app";
			};
			name = Release;
		};
		9F1C5BFB251AACDE00E8A7A4 /* Debug */ = {
			isa = XCBuildConfiguration;
			buildSettings = {
				ALWAYS_EMBED_SWIFT_STANDARD_LIBRARIES = YES;
				CODE_SIGN_STYLE = Automatic;
				DEVELOPMENT_TEAM = WSRUWJK48Z;
				INFOPLIST_FILE = "wallet-appUITests/Info.plist";
				LD_RUNPATH_SEARCH_PATHS = (
					"$(inherited)",
					"@executable_path/Frameworks",
					"@loader_path/Frameworks",
				);
				PRODUCT_BUNDLE_IDENTIFIER = "org.guseynov.wallet-appUITests";
				PRODUCT_NAME = "$(TARGET_NAME)";
				SWIFT_VERSION = 5.0;
				TARGETED_DEVICE_FAMILY = "1,2";
				TEST_TARGET_NAME = "wallet-app";
			};
			name = Debug;
		};
		9F1C5BFC251AACDE00E8A7A4 /* Release */ = {
			isa = XCBuildConfiguration;
			buildSettings = {
				ALWAYS_EMBED_SWIFT_STANDARD_LIBRARIES = YES;
				CODE_SIGN_STYLE = Automatic;
				DEVELOPMENT_TEAM = WSRUWJK48Z;
				INFOPLIST_FILE = "wallet-appUITests/Info.plist";
				LD_RUNPATH_SEARCH_PATHS = (
					"$(inherited)",
					"@executable_path/Frameworks",
					"@loader_path/Frameworks",
				);
				PRODUCT_BUNDLE_IDENTIFIER = "org.guseynov.wallet-appUITests";
				PRODUCT_NAME = "$(TARGET_NAME)";
				SWIFT_VERSION = 5.0;
				TARGETED_DEVICE_FAMILY = "1,2";
				TEST_TARGET_NAME = "wallet-app";
			};
			name = Release;
		};
/* End XCBuildConfiguration section */

/* Begin XCConfigurationList section */
		9F1C5BC5251AACDD00E8A7A4 /* Build configuration list for PBXProject "wallet-app" */ = {
			isa = XCConfigurationList;
			buildConfigurations = (
				9F1C5BF2251AACDE00E8A7A4 /* Debug */,
				9F1C5BF3251AACDE00E8A7A4 /* Release */,
			);
			defaultConfigurationIsVisible = 0;
			defaultConfigurationName = Release;
		};
		9F1C5BF4251AACDE00E8A7A4 /* Build configuration list for PBXNativeTarget "wallet-app" */ = {
			isa = XCConfigurationList;
			buildConfigurations = (
				9F1C5BF5251AACDE00E8A7A4 /* Debug */,
				9F1C5BF6251AACDE00E8A7A4 /* Release */,
			);
			defaultConfigurationIsVisible = 0;
			defaultConfigurationName = Release;
		};
		9F1C5BF7251AACDE00E8A7A4 /* Build configuration list for PBXNativeTarget "wallet-appTests" */ = {
			isa = XCConfigurationList;
			buildConfigurations = (
				9F1C5BF8251AACDE00E8A7A4 /* Debug */,
				9F1C5BF9251AACDE00E8A7A4 /* Release */,
			);
			defaultConfigurationIsVisible = 0;
			defaultConfigurationName = Release;
		};
		9F1C5BFA251AACDE00E8A7A4 /* Build configuration list for PBXNativeTarget "wallet-appUITests" */ = {
			isa = XCConfigurationList;
			buildConfigurations = (
				9F1C5BFB251AACDE00E8A7A4 /* Debug */,
				9F1C5BFC251AACDE00E8A7A4 /* Release */,
			);
			defaultConfigurationIsVisible = 0;
			defaultConfigurationName = Release;
		};
/* End XCConfigurationList section */

/* Begin XCVersionGroup section */
		9F1C5BD8251AACDE00E8A7A4 /* wallet_app.xcdatamodeld */ = {
			isa = XCVersionGroup;
			children = (
				9F1C5BD9251AACDE00E8A7A4 /* wallet_app.xcdatamodel */,
			);
			currentVersion = 9F1C5BD9251AACDE00E8A7A4 /* wallet_app.xcdatamodel */;
			path = wallet_app.xcdatamodeld;
			sourceTree = "<group>";
			versionGroupType = wrapper.xcdatamodel;
		};
/* End XCVersionGroup section */
	};
	rootObject = 9F1C5BC2251AACDD00E8A7A4 /* Project object */;
}
